// !$*UTF8*$!
{
	archiveVersion = 1;
	classes = {
	};
	objectVersion = 56;
	objects = {

/* Begin PBXBuildFile section */
		43D470FB2AE8A31900AB728D /* Schedule.swift in Sources */ = {isa = PBXBuildFile; fileRef = 43D470FA2AE8A31900AB728D /* Schedule.swift */; };
		43D470FD2AE8A49200AB728D /* ScheduleViews.swift in Sources */ = {isa = PBXBuildFile; fileRef = 43D470FC2AE8A49200AB728D /* ScheduleViews.swift */; };
		43E66F1F2AE1D3C0001DF451 /* ScheduleApp.swift in Sources */ = {isa = PBXBuildFile; fileRef = 43E66F1E2AE1D3C0001DF451 /* ScheduleApp.swift */; };
		43E66F212AE1D3C0001DF451 /* ContentView.swift in Sources */ = {isa = PBXBuildFile; fileRef = 43E66F202AE1D3C0001DF451 /* ContentView.swift */; };
		43E66F232AE1D3C2001DF451 /* Assets.xcassets in Resources */ = {isa = PBXBuildFile; fileRef = 43E66F222AE1D3C2001DF451 /* Assets.xcassets */; };
		43E66F262AE1D3C2001DF451 /* Preview Assets.xcassets in Resources */ = {isa = PBXBuildFile; fileRef = 43E66F252AE1D3C2001DF451 /* Preview Assets.xcassets */; };
		43E66F302AE1D3C2001DF451 /* ScheduleAppTests.swift in Sources */ = {isa = PBXBuildFile; fileRef = 43E66F2F2AE1D3C2001DF451 /* ScheduleAppTests.swift */; };
		43E66F3A2AE1D3C2001DF451 /* ScheduleAppUITests.swift in Sources */ = {isa = PBXBuildFile; fileRef = 43E66F392AE1D3C2001DF451 /* ScheduleAppUITests.swift */; };
		43E66F3C2AE1D3C2001DF451 /* ScheduleAppUITestsLaunchTests.swift in Sources */ = {isa = PBXBuildFile; fileRef = 43E66F3B2AE1D3C2001DF451 /* ScheduleAppUITestsLaunchTests.swift */; };
/* End PBXBuildFile section */

/* Begin PBXContainerItemProxy section */
		43E66F2C2AE1D3C2001DF451 /* PBXContainerItemProxy */ = {
			isa = PBXContainerItemProxy;
			containerPortal = 43E66F132AE1D3C0001DF451 /* Project object */;
			proxyType = 1;
			remoteGlobalIDString = 43E66F1A2AE1D3C0001DF451;
			remoteInfo = ScheduleApp;
		};
		43E66F362AE1D3C2001DF451 /* PBXContainerItemProxy */ = {
			isa = PBXContainerItemProxy;
			containerPortal = 43E66F132AE1D3C0001DF451 /* Project object */;
			proxyType = 1;
			remoteGlobalIDString = 43E66F1A2AE1D3C0001DF451;
			remoteInfo = ScheduleApp;
		};
/* End PBXContainerItemProxy section */

/* Begin PBXFileReference section */
		43D470FA2AE8A31900AB728D /* Schedule.swift */ = {isa = PBXFileReference; lastKnownFileType = sourcecode.swift; path = Schedule.swift; sourceTree = "<group>"; };
		43D470FC2AE8A49200AB728D /* ScheduleViews.swift */ = {isa = PBXFileReference; lastKnownFileType = sourcecode.swift; path = ScheduleViews.swift; sourceTree = "<group>"; };
		43E66F1B2AE1D3C0001DF451 /* ScheduleApp.app */ = {isa = PBXFileReference; explicitFileType = wrapper.application; includeInIndex = 0; path = ScheduleApp.app; sourceTree = BUILT_PRODUCTS_DIR; };
		43E66F1E2AE1D3C0001DF451 /* ScheduleApp.swift */ = {isa = PBXFileReference; lastKnownFileType = sourcecode.swift; path = ScheduleApp.swift; sourceTree = "<group>"; };
		43E66F202AE1D3C0001DF451 /* ContentView.swift */ = {isa = PBXFileReference; lastKnownFileType = sourcecode.swift; path = ContentView.swift; sourceTree = "<group>"; };
		43E66F222AE1D3C2001DF451 /* Assets.xcassets */ = {isa = PBXFileReference; lastKnownFileType = folder.assetcatalog; path = Assets.xcassets; sourceTree = "<group>"; };
		43E66F252AE1D3C2001DF451 /* Preview Assets.xcassets */ = {isa = PBXFileReference; lastKnownFileType = folder.assetcatalog; path = "Preview Assets.xcassets"; sourceTree = "<group>"; };
		43E66F2B2AE1D3C2001DF451 /* ScheduleAppTests.xctest */ = {isa = PBXFileReference; explicitFileType = wrapper.cfbundle; includeInIndex = 0; path = ScheduleAppTests.xctest; sourceTree = BUILT_PRODUCTS_DIR; };
		43E66F2F2AE1D3C2001DF451 /* ScheduleAppTests.swift */ = {isa = PBXFileReference; lastKnownFileType = sourcecode.swift; path = ScheduleAppTests.swift; sourceTree = "<group>"; };
		43E66F352AE1D3C2001DF451 /* ScheduleAppUITests.xctest */ = {isa = PBXFileReference; explicitFileType = wrapper.cfbundle; includeInIndex = 0; path = ScheduleAppUITests.xctest; sourceTree = BUILT_PRODUCTS_DIR; };
		43E66F392AE1D3C2001DF451 /* ScheduleAppUITests.swift */ = {isa = PBXFileReference; lastKnownFileType = sourcecode.swift; path = ScheduleAppUITests.swift; sourceTree = "<group>"; };
		43E66F3B2AE1D3C2001DF451 /* ScheduleAppUITestsLaunchTests.swift */ = {isa = PBXFileReference; lastKnownFileType = sourcecode.swift; path = ScheduleAppUITestsLaunchTests.swift; sourceTree = "<group>"; };
/* End PBXFileReference section */

/* Begin PBXFrameworksBuildPhase section */
		43E66F182AE1D3C0001DF451 /* Frameworks */ = {
			isa = PBXFrameworksBuildPhase;
			buildActionMask = 2147483647;
			files = (
			);
			runOnlyForDeploymentPostprocessing = 0;
		};
		43E66F282AE1D3C2001DF451 /* Frameworks */ = {
			isa = PBXFrameworksBuildPhase;
			buildActionMask = 2147483647;
			files = (
			);
			runOnlyForDeploymentPostprocessing = 0;
		};
		43E66F322AE1D3C2001DF451 /* Frameworks */ = {
			isa = PBXFrameworksBuildPhase;
			buildActionMask = 2147483647;
			files = (
			);
			runOnlyForDeploymentPostprocessing = 0;
		};
/* End PBXFrameworksBuildPhase section */

/* Begin PBXGroup section */
		43E66F122AE1D3C0001DF451 = {
			isa = PBXGroup;
			children = (
				43E66F1D2AE1D3C0001DF451 /* ScheduleApp */,
				43E66F2E2AE1D3C2001DF451 /* ScheduleAppTests */,
				43E66F382AE1D3C2001DF451 /* ScheduleAppUITests */,
				43E66F1C2AE1D3C0001DF451 /* Products */,
			);
			sourceTree = "<group>";
		};
		43E66F1C2AE1D3C0001DF451 /* Products */ = {
			isa = PBXGroup;
			children = (
				43E66F1B2AE1D3C0001DF451 /* ScheduleApp.app */,
				43E66F2B2AE1D3C2001DF451 /* ScheduleAppTests.xctest */,
				43E66F352AE1D3C2001DF451 /* ScheduleAppUITests.xctest */,
			);
			name = Products;
			sourceTree = "<group>";
		};
		43E66F1D2AE1D3C0001DF451 /* ScheduleApp */ = {
			isa = PBXGroup;
			children = (
				43E66F1E2AE1D3C0001DF451 /* ScheduleApp.swift */,
				43E66F202AE1D3C0001DF451 /* ContentView.swift */,
				43D470FC2AE8A49200AB728D /* ScheduleViews.swift */,
				43D470FA2AE8A31900AB728D /* Schedule.swift */,
				43E66F222AE1D3C2001DF451 /* Assets.xcassets */,
				43E66F242AE1D3C2001DF451 /* Preview Content */,
			);
			path = ScheduleApp;
			sourceTree = "<group>";
		};
		43E66F242AE1D3C2001DF451 /* Preview Content */ = {
			isa = PBXGroup;
			children = (
				43E66F252AE1D3C2001DF451 /* Preview Assets.xcassets */,
			);
			path = "Preview Content";
			sourceTree = "<group>";
		};
		43E66F2E2AE1D3C2001DF451 /* ScheduleAppTests */ = {
			isa = PBXGroup;
			children = (
				43E66F2F2AE1D3C2001DF451 /* ScheduleAppTests.swift */,
			);
			path = ScheduleAppTests;
			sourceTree = "<group>";
		};
		43E66F382AE1D3C2001DF451 /* ScheduleAppUITests */ = {
			isa = PBXGroup;
			children = (
				43E66F392AE1D3C2001DF451 /* ScheduleAppUITests.swift */,
				43E66F3B2AE1D3C2001DF451 /* ScheduleAppUITestsLaunchTests.swift */,
			);
			path = ScheduleAppUITests;
			sourceTree = "<group>";
		};
/* End PBXGroup section */

/* Begin PBXNativeTarget section */
		43E66F1A2AE1D3C0001DF451 /* ScheduleApp */ = {
			isa = PBXNativeTarget;
			buildConfigurationList = 43E66F3F2AE1D3C2001DF451 /* Build configuration list for PBXNativeTarget "ScheduleApp" */;
			buildPhases = (
				43E66F172AE1D3C0001DF451 /* Sources */,
				43E66F182AE1D3C0001DF451 /* Frameworks */,
				43E66F192AE1D3C0001DF451 /* Resources */,
			);
			buildRules = (
			);
			dependencies = (
			);
			name = ScheduleApp;
			productName = ScheduleApp;
			productReference = 43E66F1B2AE1D3C0001DF451 /* ScheduleApp.app */;
			productType = "com.apple.product-type.application";
		};
		43E66F2A2AE1D3C2001DF451 /* ScheduleAppTests */ = {
			isa = PBXNativeTarget;
			buildConfigurationList = 43E66F422AE1D3C2001DF451 /* Build configuration list for PBXNativeTarget "ScheduleAppTests" */;
			buildPhases = (
				43E66F272AE1D3C2001DF451 /* Sources */,
				43E66F282AE1D3C2001DF451 /* Frameworks */,
				43E66F292AE1D3C2001DF451 /* Resources */,
			);
			buildRules = (
			);
			dependencies = (
				43E66F2D2AE1D3C2001DF451 /* PBXTargetDependency */,
			);
			name = ScheduleAppTests;
			productName = ScheduleAppTests;
			productReference = 43E66F2B2AE1D3C2001DF451 /* ScheduleAppTests.xctest */;
			productType = "com.apple.product-type.bundle.unit-test";
		};
		43E66F342AE1D3C2001DF451 /* ScheduleAppUITests */ = {
			isa = PBXNativeTarget;
			buildConfigurationList = 43E66F452AE1D3C2001DF451 /* Build configuration list for PBXNativeTarget "ScheduleAppUITests" */;
			buildPhases = (
				43E66F312AE1D3C2001DF451 /* Sources */,
				43E66F322AE1D3C2001DF451 /* Frameworks */,
				43E66F332AE1D3C2001DF451 /* Resources */,
			);
			buildRules = (
			);
			dependencies = (
				43E66F372AE1D3C2001DF451 /* PBXTargetDependency */,
			);
			name = ScheduleAppUITests;
			productName = ScheduleAppUITests;
			productReference = 43E66F352AE1D3C2001DF451 /* ScheduleAppUITests.xctest */;
			productType = "com.apple.product-type.bundle.ui-testing";
		};
/* End PBXNativeTarget section */

/* Begin PBXProject section */
		43E66F132AE1D3C0001DF451 /* Project object */ = {
			isa = PBXProject;
			attributes = {
				BuildIndependentTargetsInParallel = 1;
				LastSwiftUpdateCheck = 1430;
				LastUpgradeCheck = 1430;
				TargetAttributes = {
					43E66F1A2AE1D3C0001DF451 = {
						CreatedOnToolsVersion = 14.3.1;
					};
					43E66F2A2AE1D3C2001DF451 = {
						CreatedOnToolsVersion = 14.3.1;
						TestTargetID = 43E66F1A2AE1D3C0001DF451;
					};
					43E66F342AE1D3C2001DF451 = {
						CreatedOnToolsVersion = 14.3.1;
						TestTargetID = 43E66F1A2AE1D3C0001DF451;
					};
				};
			};
			buildConfigurationList = 43E66F162AE1D3C0001DF451 /* Build configuration list for PBXProject "ScheduleApp" */;
			compatibilityVersion = "Xcode 14.0";
			developmentRegion = en;
			hasScannedForEncodings = 0;
			knownRegions = (
				en,
				Base,
			);
			mainGroup = 43E66F122AE1D3C0001DF451;
			productRefGroup = 43E66F1C2AE1D3C0001DF451 /* Products */;
			projectDirPath = "";
			projectRoot = "";
			targets = (
				43E66F1A2AE1D3C0001DF451 /* ScheduleApp */,
				43E66F2A2AE1D3C2001DF451 /* ScheduleAppTests */,
				43E66F342AE1D3C2001DF451 /* ScheduleAppUITests */,
			);
		};
/* End PBXProject section */

/* Begin PBXResourcesBuildPhase section */
		43E66F192AE1D3C0001DF451 /* Resources */ = {
			isa = PBXResourcesBuildPhase;
			buildActionMask = 2147483647;
			files = (
				43E66F262AE1D3C2001DF451 /* Preview Assets.xcassets in Resources */,
				43E66F232AE1D3C2001DF451 /* Assets.xcassets in Resources */,
			);
			runOnlyForDeploymentPostprocessing = 0;
		};
		43E66F292AE1D3C2001DF451 /* Resources */ = {
			isa = PBXResourcesBuildPhase;
			buildActionMask = 2147483647;
			files = (
			);
			runOnlyForDeploymentPostprocessing = 0;
		};
		43E66F332AE1D3C2001DF451 /* Resources */ = {
			isa = PBXResourcesBuildPhase;
			buildActionMask = 2147483647;
			files = (
			);
			runOnlyForDeploymentPostprocessing = 0;
		};
/* End PBXResourcesBuildPhase section */

/* Begin PBXSourcesBuildPhase section */
		43E66F172AE1D3C0001DF451 /* Sources */ = {
			isa = PBXSourcesBuildPhase;
			buildActionMask = 2147483647;
			files = (
				43D470FB2AE8A31900AB728D /* Schedule.swift in Sources */,
				43D470FD2AE8A49200AB728D /* ScheduleViews.swift in Sources */,
				43E66F212AE1D3C0001DF451 /* ContentView.swift in Sources */,
				43E66F1F2AE1D3C0001DF451 /* ScheduleApp.swift in Sources */,
			);
			runOnlyForDeploymentPostprocessing = 0;
		};
		43E66F272AE1D3C2001DF451 /* Sources */ = {
			isa = PBXSourcesBuildPhase;
			buildActionMask = 2147483647;
			files = (
				43E66F302AE1D3C2001DF451 /* ScheduleAppTests.swift in Sources */,
			);
			runOnlyForDeploymentPostprocessing = 0;
		};
		43E66F312AE1D3C2001DF451 /* Sources */ = {
			isa = PBXSourcesBuildPhase;
			buildActionMask = 2147483647;
			files = (
				43E66F3A2AE1D3C2001DF451 /* ScheduleAppUITests.swift in Sources */,
				43E66F3C2AE1D3C2001DF451 /* ScheduleAppUITestsLaunchTests.swift in Sources */,
			);
			runOnlyForDeploymentPostprocessing = 0;
		};
/* End PBXSourcesBuildPhase section */

/* Begin PBXTargetDependency section */
		43E66F2D2AE1D3C2001DF451 /* PBXTargetDependency */ = {
			isa = PBXTargetDependency;
			target = 43E66F1A2AE1D3C0001DF451 /* ScheduleApp */;
			targetProxy = 43E66F2C2AE1D3C2001DF451 /* PBXContainerItemProxy */;
		};
		43E66F372AE1D3C2001DF451 /* PBXTargetDependency */ = {
			isa = PBXTargetDependency;
			target = 43E66F1A2AE1D3C0001DF451 /* ScheduleApp */;
			targetProxy = 43E66F362AE1D3C2001DF451 /* PBXContainerItemProxy */;
		};
/* End PBXTargetDependency section */

/* Begin XCBuildConfiguration section */
		43E66F3D2AE1D3C2001DF451 /* Debug */ = {
			isa = XCBuildConfiguration;
			buildSettings = {
				ALWAYS_SEARCH_USER_PATHS = NO;
				CLANG_ANALYZER_NONNULL = YES;
				CLANG_ANALYZER_NUMBER_OBJECT_CONVERSION = YES_AGGRESSIVE;
				CLANG_CXX_LANGUAGE_STANDARD = "gnu++20";
				CLANG_ENABLE_MODULES = YES;
				CLANG_ENABLE_OBJC_ARC = YES;
				CLANG_ENABLE_OBJC_WEAK = YES;
				CLANG_WARN_BLOCK_CAPTURE_AUTORELEASING = YES;
				CLANG_WARN_BOOL_CONVERSION = YES;
				CLANG_WARN_COMMA = YES;
				CLANG_WARN_CONSTANT_CONVERSION = YES;
				CLANG_WARN_DEPRECATED_OBJC_IMPLEMENTATIONS = YES;
				CLANG_WARN_DIRECT_OBJC_ISA_USAGE = YES_ERROR;
				CLANG_WARN_DOCUMENTATION_COMMENTS = YES;
				CLANG_WARN_EMPTY_BODY = YES;
				CLANG_WARN_ENUM_CONVERSION = YES;
				CLANG_WARN_INFINITE_RECURSION = YES;
				CLANG_WARN_INT_CONVERSION = YES;
				CLANG_WARN_NON_LITERAL_NULL_CONVERSION = YES;
				CLANG_WARN_OBJC_IMPLICIT_RETAIN_SELF = YES;
				CLANG_WARN_OBJC_LITERAL_CONVERSION = YES;
				CLANG_WARN_OBJC_ROOT_CLASS = YES_ERROR;
				CLANG_WARN_QUOTED_INCLUDE_IN_FRAMEWORK_HEADER = YES;
				CLANG_WARN_RANGE_LOOP_ANALYSIS = YES;
				CLANG_WARN_STRICT_PROTOTYPES = YES;
				CLANG_WARN_SUSPICIOUS_MOVE = YES;
				CLANG_WARN_UNGUARDED_AVAILABILITY = YES_AGGRESSIVE;
				CLANG_WARN_UNREACHABLE_CODE = YES;
				CLANG_WARN__DUPLICATE_METHOD_MATCH = YES;
				COPY_PHASE_STRIP = NO;
				DEBUG_INFORMATION_FORMAT = dwarf;
				ENABLE_STRICT_OBJC_MSGSEND = YES;
				ENABLE_TESTABILITY = YES;
				GCC_C_LANGUAGE_STANDARD = gnu11;
				GCC_DYNAMIC_NO_PIC = NO;
				GCC_NO_COMMON_BLOCKS = YES;
				GCC_OPTIMIZATION_LEVEL = 0;
				GCC_PREPROCESSOR_DEFINITIONS = (
					"DEBUG=1",
					"$(inherited)",
				);
				GCC_WARN_64_TO_32_BIT_CONVERSION = YES;
				GCC_WARN_ABOUT_RETURN_TYPE = YES_ERROR;
				GCC_WARN_UNDECLARED_SELECTOR = YES;
				GCC_WARN_UNINITIALIZED_AUTOS = YES_AGGRESSIVE;
				GCC_WARN_UNUSED_FUNCTION = YES;
				GCC_WARN_UNUSED_VARIABLE = YES;
				IPHONEOS_DEPLOYMENT_TARGET = 16.4;
				MTL_ENABLE_DEBUG_INFO = INCLUDE_SOURCE;
				MTL_FAST_MATH = YES;
				ONLY_ACTIVE_ARCH = YES;
				SDKROOT = iphoneos;
				SWIFT_ACTIVE_COMPILATION_CONDITIONS = DEBUG;
				SWIFT_OPTIMIZATION_LEVEL = "-Onone";
			};
			name = Debug;
		};
		43E66F3E2AE1D3C2001DF451 /* Release */ = {
			isa = XCBuildConfiguration;
			buildSettings = {
				ALWAYS_SEARCH_USER_PATHS = NO;
				CLANG_ANALYZER_NONNULL = YES;
				CLANG_ANALYZER_NUMBER_OBJECT_CONVERSION = YES_AGGRESSIVE;
				CLANG_CXX_LANGUAGE_STANDARD = "gnu++20";
				CLANG_ENABLE_MODULES = YES;
				CLANG_ENABLE_OBJC_ARC = YES;
				CLANG_ENABLE_OBJC_WEAK = YES;
				CLANG_WARN_BLOCK_CAPTURE_AUTORELEASING = YES;
				CLANG_WARN_BOOL_CONVERSION = YES;
				CLANG_WARN_COMMA = YES;
				CLANG_WARN_CONSTANT_CONVERSION = YES;
				CLANG_WARN_DEPRECATED_OBJC_IMPLEMENTATIONS = YES;
				CLANG_WARN_DIRECT_OBJC_ISA_USAGE = YES_ERROR;
				CLANG_WARN_DOCUMENTATION_COMMENTS = YES;
				CLANG_WARN_EMPTY_BODY = YES;
				CLANG_WARN_ENUM_CONVERSION = YES;
				CLANG_WARN_INFINITE_RECURSION = YES;
				CLANG_WARN_INT_CONVERSION = YES;
				CLANG_WARN_NON_LITERAL_NULL_CONVERSION = YES;
				CLANG_WARN_OBJC_IMPLICIT_RETAIN_SELF = YES;
				CLANG_WARN_OBJC_LITERAL_CONVERSION = YES;
				CLANG_WARN_OBJC_ROOT_CLASS = YES_ERROR;
				CLANG_WARN_QUOTED_INCLUDE_IN_FRAMEWORK_HEADER = YES;
				CLANG_WARN_RANGE_LOOP_ANALYSIS = YES;
				CLANG_WARN_STRICT_PROTOTYPES = YES;
				CLANG_WARN_SUSPICIOUS_MOVE = YES;
				CLANG_WARN_UNGUARDED_AVAILABILITY = YES_AGGRESSIVE;
				CLANG_WARN_UNREACHABLE_CODE = YES;
				CLANG_WARN__DUPLICATE_METHOD_MATCH = YES;
				COPY_PHASE_STRIP = NO;
				DEBUG_INFORMATION_FORMAT = "dwarf-with-dsym";
				ENABLE_NS_ASSERTIONS = NO;
				ENABLE_STRICT_OBJC_MSGSEND = YES;
				GCC_C_LANGUAGE_STANDARD = gnu11;
				GCC_NO_COMMON_BLOCKS = YES;
				GCC_WARN_64_TO_32_BIT_CONVERSION = YES;
				GCC_WARN_ABOUT_RETURN_TYPE = YES_ERROR;
				GCC_WARN_UNDECLARED_SELECTOR = YES;
				GCC_WARN_UNINITIALIZED_AUTOS = YES_AGGRESSIVE;
				GCC_WARN_UNUSED_FUNCTION = YES;
				GCC_WARN_UNUSED_VARIABLE = YES;
				IPHONEOS_DEPLOYMENT_TARGET = 16.4;
				MTL_ENABLE_DEBUG_INFO = NO;
				MTL_FAST_MATH = YES;
				SDKROOT = iphoneos;
				SWIFT_COMPILATION_MODE = wholemodule;
				SWIFT_OPTIMIZATION_LEVEL = "-O";
				VALIDATE_PRODUCT = YES;
			};
			name = Release;
		};
		43E66F402AE1D3C2001DF451 /* Debug */ = {
			isa = XCBuildConfiguration;
			buildSettings = {
				ASSETCATALOG_COMPILER_APPICON_NAME = AppIcon;
				ASSETCATALOG_COMPILER_GLOBAL_ACCENT_COLOR_NAME = AccentColor;
				CODE_SIGN_STYLE = Automatic;
				CURRENT_PROJECT_VERSION = 1;
				DEVELOPMENT_ASSET_PATHS = "\"ScheduleApp/Preview Content\"";
				ENABLE_PREVIEWS = YES;
				GENERATE_INFOPLIST_FILE = YES;
				INFOPLIST_KEY_UIApplicationSceneManifest_Generation = YES;
				INFOPLIST_KEY_UIApplicationSupportsIndirectInputEvents = YES;
				INFOPLIST_KEY_UILaunchScreen_Generation = YES;
				INFOPLIST_KEY_UISupportedInterfaceOrientations_iPad = "UIInterfaceOrientationPortrait UIInterfaceOrientationPortraitUpsideDown UIInterfaceOrientationLandscapeLeft UIInterfaceOrientationLandscapeRight";
				INFOPLIST_KEY_UISupportedInterfaceOrientations_iPhone = "UIInterfaceOrientationPortrait UIInterfaceOrientationLandscapeLeft UIInterfaceOrientationLandscapeRight";
				LD_RUNPATH_SEARCH_PATHS = (
					"$(inherited)",
					"@executable_path/Frameworks",
				);
				MARKETING_VERSION = 1.0;
				PRODUCT_BUNDLE_IDENTIFIER = CSUF.ScheduleApp;
				PRODUCT_NAME = "$(TARGET_NAME)";
				SWIFT_EMIT_LOC_STRINGS = YES;
				SWIFT_VERSION = 5.0;
				TARGETED_DEVICE_FAMILY = "1,2";
			};
			name = Debug;
		};
		43E66F412AE1D3C2001DF451 /* Release */ = {
			isa = XCBuildConfiguration;
			buildSettings = {
				ASSETCATALOG_COMPILER_APPICON_NAME = AppIcon;
				ASSETCATALOG_COMPILER_GLOBAL_ACCENT_COLOR_NAME = AccentColor;
				CODE_SIGN_STYLE = Automatic;
				CURRENT_PROJECT_VERSION = 1;
				DEVELOPMENT_ASSET_PATHS = "\"ScheduleApp/Preview Content\"";
				ENABLE_PREVIEWS = YES;
				GENERATE_INFOPLIST_FILE = YES;
				INFOPLIST_KEY_UIApplicationSceneManifest_Generation = YES;
				INFOPLIST_KEY_UIApplicationSupportsIndirectInputEvents = YES;
				INFOPLIST_KEY_UILaunchScreen_Generation = YES;
				INFOPLIST_KEY_UISupportedInterfaceOrientations_iPad = "UIInterfaceOrientationPortrait UIInterfaceOrientationPortraitUpsideDown UIInterfaceOrientationLandscapeLeft UIInterfaceOrientationLandscapeRight";
				INFOPLIST_KEY_UISupportedInterfaceOrientations_iPhone = "UIInterfaceOrientationPortrait UIInterfaceOrientationLandscapeLeft UIInterfaceOrientationLandscapeRight";
				LD_RUNPATH_SEARCH_PATHS = (
					"$(inherited)",
					"@executable_path/Frameworks",
				);
				MARKETING_VERSION = 1.0;
				PRODUCT_BUNDLE_IDENTIFIER = CSUF.ScheduleApp;
				PRODUCT_NAME = "$(TARGET_NAME)";
				SWIFT_EMIT_LOC_STRINGS = YES;
				SWIFT_VERSION = 5.0;
				TARGETED_DEVICE_FAMILY = "1,2";
			};
			name = Release;
		};
		43E66F432AE1D3C2001DF451 /* Debug */ = {
			isa = XCBuildConfiguration;
			buildSettings = {
				ALWAYS_EMBED_SWIFT_STANDARD_LIBRARIES = YES;
				BUNDLE_LOADER = "$(TEST_HOST)";
				CODE_SIGN_STYLE = Automatic;
				CURRENT_PROJECT_VERSION = 1;
				GENERATE_INFOPLIST_FILE = YES;
				IPHONEOS_DEPLOYMENT_TARGET = 16.4;
				MARKETING_VERSION = 1.0;
				PRODUCT_BUNDLE_IDENTIFIER = CSUF.ScheduleAppTests;
				PRODUCT_NAME = "$(TARGET_NAME)";
				SWIFT_EMIT_LOC_STRINGS = NO;
				SWIFT_VERSION = 5.0;
				TARGETED_DEVICE_FAMILY = "1,2";
				TEST_HOST = "$(BUILT_PRODUCTS_DIR)/ScheduleApp.app/$(BUNDLE_EXECUTABLE_FOLDER_PATH)/ScheduleApp";
			};
			name = Debug;
		};
		43E66F442AE1D3C2001DF451 /* Release */ = {
			isa = XCBuildConfiguration;
			buildSettings = {
				ALWAYS_EMBED_SWIFT_STANDARD_LIBRARIES = YES;
				BUNDLE_LOADER = "$(TEST_HOST)";
				CODE_SIGN_STYLE = Automatic;
				CURRENT_PROJECT_VERSION = 1;
				GENERATE_INFOPLIST_FILE = YES;
				IPHONEOS_DEPLOYMENT_TARGET = 16.4;
				MARKETING_VERSION = 1.0;
				PRODUCT_BUNDLE_IDENTIFIER = CSUF.ScheduleAppTests;
				PRODUCT_NAME = "$(TARGET_NAME)";
				SWIFT_EMIT_LOC_STRINGS = NO;
				SWIFT_VERSION = 5.0;
				TARGETED_DEVICE_FAMILY = "1,2";
				TEST_HOST = "$(BUILT_PRODUCTS_DIR)/ScheduleApp.app/$(BUNDLE_EXECUTABLE_FOLDER_PATH)/ScheduleApp";
			};
			name = Release;
		};
		43E66F462AE1D3C2001DF451 /* Debug */ = {
			isa = XCBuildConfiguration;
			buildSettings = {
				ALWAYS_EMBED_SWIFT_STANDARD_LIBRARIES = YES;
				CODE_SIGN_STYLE = Automatic;
				CURRENT_PROJECT_VERSION = 1;
				GENERATE_INFOPLIST_FILE = YES;
				MARKETING_VERSION = 1.0;
				PRODUCT_BUNDLE_IDENTIFIER = CSUF.ScheduleAppUITests;
				PRODUCT_NAME = "$(TARGET_NAME)";
				SWIFT_EMIT_LOC_STRINGS = NO;
				SWIFT_VERSION = 5.0;
				TARGETED_DEVICE_FAMILY = "1,2";
				TEST_TARGET_NAME = ScheduleApp;
			};
			name = Debug;
		};
		43E66F472AE1D3C2001DF451 /* Release */ = {
			isa = XCBuildConfiguration;
			buildSettings = {
				ALWAYS_EMBED_SWIFT_STANDARD_LIBRARIES = YES;
				CODE_SIGN_STYLE = Automatic;
				CURRENT_PROJECT_VERSION = 1;
				GENERATE_INFOPLIST_FILE = YES;
				MARKETING_VERSION = 1.0;
				PRODUCT_BUNDLE_IDENTIFIER = CSUF.ScheduleAppUITests;
				PRODUCT_NAME = "$(TARGET_NAME)";
				SWIFT_EMIT_LOC_STRINGS = NO;
				SWIFT_VERSION = 5.0;
				TARGETED_DEVICE_FAMILY = "1,2";
				TEST_TARGET_NAME = ScheduleApp;
			};
			name = Release;
		};
/* End XCBuildConfiguration section */

/* Begin XCConfigurationList section */
		43E66F162AE1D3C0001DF451 /* Build configuration list for PBXProject "ScheduleApp" */ = {
			isa = XCConfigurationList;
			buildConfigurations = (
				43E66F3D2AE1D3C2001DF451 /* Debug */,
				43E66F3E2AE1D3C2001DF451 /* Release */,
			);
			defaultConfigurationIsVisible = 0;
			defaultConfigurationName = Release;
		};
		43E66F3F2AE1D3C2001DF451 /* Build configuration list for PBXNativeTarget "ScheduleApp" */ = {
			isa = XCConfigurationList;
			buildConfigurations = (
				43E66F402AE1D3C2001DF451 /* Debug */,
				43E66F412AE1D3C2001DF451 /* Release */,
			);
			defaultConfigurationIsVisible = 0;
			defaultConfigurationName = Release;
		};
		43E66F422AE1D3C2001DF451 /* Build configuration list for PBXNativeTarget "ScheduleAppTests" */ = {
			isa = XCConfigurationList;
			buildConfigurations = (
				43E66F432AE1D3C2001DF451 /* Debug */,
				43E66F442AE1D3C2001DF451 /* Release */,
			);
			defaultConfigurationIsVisible = 0;
			defaultConfigurationName = Release;
		};
		43E66F452AE1D3C2001DF451 /* Build configuration list for PBXNativeTarget "ScheduleAppUITests" */ = {
			isa = XCConfigurationList;
			buildConfigurations = (
				43E66F462AE1D3C2001DF451 /* Debug */,
				43E66F472AE1D3C2001DF451 /* Release */,
			);
			defaultConfigurationIsVisible = 0;
			defaultConfigurationName = Release;
		};
/* End XCConfigurationList section */
	};
	rootObject = 43E66F132AE1D3C0001DF451 /* Project object */;
}
