// !$*UTF8*$!
{
	archiveVersion = 1;
	classes = {
	};
	objectVersion = 56;
	objects = {

/* Begin PBXBuildFile section */
		43E66EE82AE1D0E8001DF451 /* ScheduleAppApp.swift in Sources */ = {isa = PBXBuildFile; fileRef = 43E66EE72AE1D0E8001DF451 /* ScheduleAppApp.swift */; };
		43E66EEA2AE1D0E8001DF451 /* ContentView.swift in Sources */ = {isa = PBXBuildFile; fileRef = 43E66EE92AE1D0E8001DF451 /* ContentView.swift */; };
		43E66EEC2AE1D0EA001DF451 /* Assets.xcassets in Resources */ = {isa = PBXBuildFile; fileRef = 43E66EEB2AE1D0EA001DF451 /* Assets.xcassets */; };
		43E66EF02AE1D0EA001DF451 /* Preview Assets.xcassets in Resources */ = {isa = PBXBuildFile; fileRef = 43E66EEF2AE1D0EA001DF451 /* Preview Assets.xcassets */; };
		43E66EFA2AE1D0EA001DF451 /* ScheduleAppTests.swift in Sources */ = {isa = PBXBuildFile; fileRef = 43E66EF92AE1D0EA001DF451 /* ScheduleAppTests.swift */; };
		43E66F042AE1D0EA001DF451 /* ScheduleAppUITests.swift in Sources */ = {isa = PBXBuildFile; fileRef = 43E66F032AE1D0EA001DF451 /* ScheduleAppUITests.swift */; };
		43E66F062AE1D0EA001DF451 /* ScheduleAppUITestsLaunchTests.swift in Sources */ = {isa = PBXBuildFile; fileRef = 43E66F052AE1D0EA001DF451 /* ScheduleAppUITestsLaunchTests.swift */; };
/* End PBXBuildFile section */

/* Begin PBXContainerItemProxy section */
		43E66EF62AE1D0EA001DF451 /* PBXContainerItemProxy */ = {
			isa = PBXContainerItemProxy;
			containerPortal = 43E66EDC2AE1D0E8001DF451 /* Project object */;
			proxyType = 1;
			remoteGlobalIDString = 43E66EE32AE1D0E8001DF451;
			remoteInfo = ScheduleApp;
		};
		43E66F002AE1D0EA001DF451 /* PBXContainerItemProxy */ = {
			isa = PBXContainerItemProxy;
			containerPortal = 43E66EDC2AE1D0E8001DF451 /* Project object */;
			proxyType = 1;
			remoteGlobalIDString = 43E66EE32AE1D0E8001DF451;
			remoteInfo = ScheduleApp;
		};
/* End PBXContainerItemProxy section */

/* Begin PBXFileReference section */
		43E66EE42AE1D0E8001DF451 /* ScheduleApp.app */ = {isa = PBXFileReference; explicitFileType = wrapper.application; includeInIndex = 0; path = ScheduleApp.app; sourceTree = BUILT_PRODUCTS_DIR; };
		43E66EE72AE1D0E8001DF451 /* ScheduleAppApp.swift */ = {isa = PBXFileReference; lastKnownFileType = sourcecode.swift; path = ScheduleAppApp.swift; sourceTree = "<group>"; };
		43E66EE92AE1D0E8001DF451 /* ContentView.swift */ = {isa = PBXFileReference; lastKnownFileType = sourcecode.swift; path = ContentView.swift; sourceTree = "<group>"; };
		43E66EEB2AE1D0EA001DF451 /* Assets.xcassets */ = {isa = PBXFileReference; lastKnownFileType = folder.assetcatalog; path = Assets.xcassets; sourceTree = "<group>"; };
		43E66EED2AE1D0EA001DF451 /* ScheduleApp.entitlements */ = {isa = PBXFileReference; lastKnownFileType = text.plist.entitlements; path = ScheduleApp.entitlements; sourceTree = "<group>"; };
		43E66EEF2AE1D0EA001DF451 /* Preview Assets.xcassets */ = {isa = PBXFileReference; lastKnownFileType = folder.assetcatalog; path = "Preview Assets.xcassets"; sourceTree = "<group>"; };
		43E66EF52AE1D0EA001DF451 /* ScheduleAppTests.xctest */ = {isa = PBXFileReference; explicitFileType = wrapper.cfbundle; includeInIndex = 0; path = ScheduleAppTests.xctest; sourceTree = BUILT_PRODUCTS_DIR; };
		43E66EF92AE1D0EA001DF451 /* ScheduleAppTests.swift */ = {isa = PBXFileReference; lastKnownFileType = sourcecode.swift; path = ScheduleAppTests.swift; sourceTree = "<group>"; };
		43E66EFF2AE1D0EA001DF451 /* ScheduleAppUITests.xctest */ = {isa = PBXFileReference; explicitFileType = wrapper.cfbundle; includeInIndex = 0; path = ScheduleAppUITests.xctest; sourceTree = BUILT_PRODUCTS_DIR; };
		43E66F032AE1D0EA001DF451 /* ScheduleAppUITests.swift */ = {isa = PBXFileReference; lastKnownFileType = sourcecode.swift; path = ScheduleAppUITests.swift; sourceTree = "<group>"; };
		43E66F052AE1D0EA001DF451 /* ScheduleAppUITestsLaunchTests.swift */ = {isa = PBXFileReference; lastKnownFileType = sourcecode.swift; path = ScheduleAppUITestsLaunchTests.swift; sourceTree = "<group>"; };
/* End PBXFileReference section */

/* Begin PBXFrameworksBuildPhase section */
		43E66EE12AE1D0E8001DF451 /* Frameworks */ = {
			isa = PBXFrameworksBuildPhase;
			buildActionMask = 2147483647;
			files = (
			);
			runOnlyForDeploymentPostprocessing = 0;
		};
		43E66EF22AE1D0EA001DF451 /* Frameworks */ = {
			isa = PBXFrameworksBuildPhase;
			buildActionMask = 2147483647;
			files = (
			);
			runOnlyForDeploymentPostprocessing = 0;
		};
		43E66EFC2AE1D0EA001DF451 /* Frameworks */ = {
			isa = PBXFrameworksBuildPhase;
			buildActionMask = 2147483647;
			files = (
			);
			runOnlyForDeploymentPostprocessing = 0;
		};
/* End PBXFrameworksBuildPhase section */

/* Begin PBXGroup section */
		43E66EDB2AE1D0E8001DF451 = {
			isa = PBXGroup;
			children = (
				43E66EE62AE1D0E8001DF451 /* ScheduleApp */,
				43E66EF82AE1D0EA001DF451 /* ScheduleAppTests */,
				43E66F022AE1D0EA001DF451 /* ScheduleAppUITests */,
				43E66EE52AE1D0E8001DF451 /* Products */,
			);
			sourceTree = "<group>";
		};
		43E66EE52AE1D0E8001DF451 /* Products */ = {
			isa = PBXGroup;
			children = (
				43E66EE42AE1D0E8001DF451 /* ScheduleApp.app */,
				43E66EF52AE1D0EA001DF451 /* ScheduleAppTests.xctest */,
				43E66EFF2AE1D0EA001DF451 /* ScheduleAppUITests.xctest */,
			);
			name = Products;
			sourceTree = "<group>";
		};
		43E66EE62AE1D0E8001DF451 /* ScheduleApp */ = {
			isa = PBXGroup;
			children = (
				43E66EE72AE1D0E8001DF451 /* ScheduleAppApp.swift */,
				43E66EE92AE1D0E8001DF451 /* ContentView.swift */,
				43E66EEB2AE1D0EA001DF451 /* Assets.xcassets */,
				43E66EED2AE1D0EA001DF451 /* ScheduleApp.entitlements */,
				43E66EEE2AE1D0EA001DF451 /* Preview Content */,
			);
			path = ScheduleApp;
			sourceTree = "<group>";
		};
		43E66EEE2AE1D0EA001DF451 /* Preview Content */ = {
			isa = PBXGroup;
			children = (
				43E66EEF2AE1D0EA001DF451 /* Preview Assets.xcassets */,
			);
			path = "Preview Content";
			sourceTree = "<group>";
		};
		43E66EF82AE1D0EA001DF451 /* ScheduleAppTests */ = {
			isa = PBXGroup;
			children = (
				43E66EF92AE1D0EA001DF451 /* ScheduleAppTests.swift */,
			);
			path = ScheduleAppTests;
			sourceTree = "<group>";
		};
		43E66F022AE1D0EA001DF451 /* ScheduleAppUITests */ = {
			isa = PBXGroup;
			children = (
				43E66F032AE1D0EA001DF451 /* ScheduleAppUITests.swift */,
				43E66F052AE1D0EA001DF451 /* ScheduleAppUITestsLaunchTests.swift */,
			);
			path = ScheduleAppUITests;
			sourceTree = "<group>";
		};
/* End PBXGroup section */

/* Begin PBXNativeTarget section */
		43E66EE32AE1D0E8001DF451 /* ScheduleApp */ = {
			isa = PBXNativeTarget;
			buildConfigurationList = 43E66F092AE1D0EA001DF451 /* Build configuration list for PBXNativeTarget "ScheduleApp" */;
			buildPhases = (
				43E66EE02AE1D0E8001DF451 /* Sources */,
				43E66EE12AE1D0E8001DF451 /* Frameworks */,
				43E66EE22AE1D0E8001DF451 /* Resources */,
			);
			buildRules = (
			);
			dependencies = (
			);
			name = ScheduleApp;
			productName = ScheduleApp;
			productReference = 43E66EE42AE1D0E8001DF451 /* ScheduleApp.app */;
			productType = "com.apple.product-type.application";
		};
		43E66EF42AE1D0EA001DF451 /* ScheduleAppTests */ = {
			isa = PBXNativeTarget;
			buildConfigurationList = 43E66F0C2AE1D0EA001DF451 /* Build configuration list for PBXNativeTarget "ScheduleAppTests" */;
			buildPhases = (
				43E66EF12AE1D0EA001DF451 /* Sources */,
				43E66EF22AE1D0EA001DF451 /* Frameworks */,
				43E66EF32AE1D0EA001DF451 /* Resources */,
			);
			buildRules = (
			);
			dependencies = (
				43E66EF72AE1D0EA001DF451 /* PBXTargetDependency */,
			);
			name = ScheduleAppTests;
			productName = ScheduleAppTests;
			productReference = 43E66EF52AE1D0EA001DF451 /* ScheduleAppTests.xctest */;
			productType = "com.apple.product-type.bundle.unit-test";
		};
		43E66EFE2AE1D0EA001DF451 /* ScheduleAppUITests */ = {
			isa = PBXNativeTarget;
			buildConfigurationList = 43E66F0F2AE1D0EA001DF451 /* Build configuration list for PBXNativeTarget "ScheduleAppUITests" */;
			buildPhases = (
				43E66EFB2AE1D0EA001DF451 /* Sources */,
				43E66EFC2AE1D0EA001DF451 /* Frameworks */,
				43E66EFD2AE1D0EA001DF451 /* Resources */,
			);
			buildRules = (
			);
			dependencies = (
				43E66F012AE1D0EA001DF451 /* PBXTargetDependency */,
			);
			name = ScheduleAppUITests;
			productName = ScheduleAppUITests;
			productReference = 43E66EFF2AE1D0EA001DF451 /* ScheduleAppUITests.xctest */;
			productType = "com.apple.product-type.bundle.ui-testing";
		};
/* End PBXNativeTarget section */

/* Begin PBXProject section */
		43E66EDC2AE1D0E8001DF451 /* Project object */ = {
			isa = PBXProject;
			attributes = {
				BuildIndependentTargetsInParallel = 1;
				LastSwiftUpdateCheck = 1430;
				LastUpgradeCheck = 1430;
				TargetAttributes = {
					43E66EE32AE1D0E8001DF451 = {
						CreatedOnToolsVersion = 14.3.1;
					};
					43E66EF42AE1D0EA001DF451 = {
						CreatedOnToolsVersion = 14.3.1;
						TestTargetID = 43E66EE32AE1D0E8001DF451;
					};
					43E66EFE2AE1D0EA001DF451 = {
						CreatedOnToolsVersion = 14.3.1;
						TestTargetID = 43E66EE32AE1D0E8001DF451;
					};
				};
			};
			buildConfigurationList = 43E66EDF2AE1D0E8001DF451 /* Build configuration list for PBXProject "ScheduleApp" */;
			compatibilityVersion = "Xcode 14.0";
			developmentRegion = en;
			hasScannedForEncodings = 0;
			knownRegions = (
				en,
				Base,
			);
			mainGroup = 43E66EDB2AE1D0E8001DF451;
			productRefGroup = 43E66EE52AE1D0E8001DF451 /* Products */;
			projectDirPath = "";
			projectRoot = "";
			targets = (
				43E66EE32AE1D0E8001DF451 /* ScheduleApp */,
				43E66EF42AE1D0EA001DF451 /* ScheduleAppTests */,
				43E66EFE2AE1D0EA001DF451 /* ScheduleAppUITests */,
			);
		};
/* End PBXProject section */

/* Begin PBXResourcesBuildPhase section */
		43E66EE22AE1D0E8001DF451 /* Resources */ = {
			isa = PBXResourcesBuildPhase;
			buildActionMask = 2147483647;
			files = (
				43E66EF02AE1D0EA001DF451 /* Preview Assets.xcassets in Resources */,
				43E66EEC2AE1D0EA001DF451 /* Assets.xcassets in Resources */,
			);
			runOnlyForDeploymentPostprocessing = 0;
		};
		43E66EF32AE1D0EA001DF451 /* Resources */ = {
			isa = PBXResourcesBuildPhase;
			buildActionMask = 2147483647;
			files = (
			);
			runOnlyForDeploymentPostprocessing = 0;
		};
		43E66EFD2AE1D0EA001DF451 /* Resources */ = {
			isa = PBXResourcesBuildPhase;
			buildActionMask = 2147483647;
			files = (
			);
			runOnlyForDeploymentPostprocessing = 0;
		};
/* End PBXResourcesBuildPhase section */

/* Begin PBXSourcesBuildPhase section */
		43E66EE02AE1D0E8001DF451 /* Sources */ = {
			isa = PBXSourcesBuildPhase;
			buildActionMask = 2147483647;
			files = (
				43E66EEA2AE1D0E8001DF451 /* ContentView.swift in Sources */,
				43E66EE82AE1D0E8001DF451 /* ScheduleAppApp.swift in Sources */,
			);
			runOnlyForDeploymentPostprocessing = 0;
		};
		43E66EF12AE1D0EA001DF451 /* Sources */ = {
			isa = PBXSourcesBuildPhase;
			buildActionMask = 2147483647;
			files = (
				43E66EFA2AE1D0EA001DF451 /* ScheduleAppTests.swift in Sources */,
			);
			runOnlyForDeploymentPostprocessing = 0;
		};
		43E66EFB2AE1D0EA001DF451 /* Sources */ = {
			isa = PBXSourcesBuildPhase;
			buildActionMask = 2147483647;
			files = (
				43E66F042AE1D0EA001DF451 /* ScheduleAppUITests.swift in Sources */,
				43E66F062AE1D0EA001DF451 /* ScheduleAppUITestsLaunchTests.swift in Sources */,
			);
			runOnlyForDeploymentPostprocessing = 0;
		};
/* End PBXSourcesBuildPhase section */

/* Begin PBXTargetDependency section */
		43E66EF72AE1D0EA001DF451 /* PBXTargetDependency */ = {
			isa = PBXTargetDependency;
			target = 43E66EE32AE1D0E8001DF451 /* ScheduleApp */;
			targetProxy = 43E66EF62AE1D0EA001DF451 /* PBXContainerItemProxy */;
		};
		43E66F012AE1D0EA001DF451 /* PBXTargetDependency */ = {
			isa = PBXTargetDependency;
			target = 43E66EE32AE1D0E8001DF451 /* ScheduleApp */;
			targetProxy = 43E66F002AE1D0EA001DF451 /* PBXContainerItemProxy */;
		};
/* End PBXTargetDependency section */

/* Begin XCBuildConfiguration section */
		43E66F072AE1D0EA001DF451 /* Debug */ = {
			isa = XCBuildConfiguration;
			buildSettings = {
				ALWAYS_SEARCH_USER_PATHS = NO;
				CLANG_ANALYZER_NONNULL = YES;
				CLANG_ANALYZER_NUMBER_OBJECT_CONVERSION = YES_AGGRESSIVE;
				CLANG_CXX_LANGUAGE_STANDARD = "gnu++20";
				CLANG_ENABLE_MODULES = YES;
				CLANG_ENABLE_OBJC_ARC = YES;
				CLANG_ENABLE_OBJC_WEAK = YES;
				CLANG_WARN_BLOCK_CAPTURE_AUTORELEASING = YES;
				CLANG_WARN_BOOL_CONVERSION = YES;
				CLANG_WARN_COMMA = YES;
				CLANG_WARN_CONSTANT_CONVERSION = YES;
				CLANG_WARN_DEPRECATED_OBJC_IMPLEMENTATIONS = YES;
				CLANG_WARN_DIRECT_OBJC_ISA_USAGE = YES_ERROR;
				CLANG_WARN_DOCUMENTATION_COMMENTS = YES;
				CLANG_WARN_EMPTY_BODY = YES;
				CLANG_WARN_ENUM_CONVERSION = YES;
				CLANG_WARN_INFINITE_RECURSION = YES;
				CLANG_WARN_INT_CONVERSION = YES;
				CLANG_WARN_NON_LITERAL_NULL_CONVERSION = YES;
				CLANG_WARN_OBJC_IMPLICIT_RETAIN_SELF = YES;
				CLANG_WARN_OBJC_LITERAL_CONVERSION = YES;
				CLANG_WARN_OBJC_ROOT_CLASS = YES_ERROR;
				CLANG_WARN_QUOTED_INCLUDE_IN_FRAMEWORK_HEADER = YES;
				CLANG_WARN_RANGE_LOOP_ANALYSIS = YES;
				CLANG_WARN_STRICT_PROTOTYPES = YES;
				CLANG_WARN_SUSPICIOUS_MOVE = YES;
				CLANG_WARN_UNGUARDED_AVAILABILITY = YES_AGGRESSIVE;
				CLANG_WARN_UNREACHABLE_CODE = YES;
				CLANG_WARN__DUPLICATE_METHOD_MATCH = YES;
				COPY_PHASE_STRIP = NO;
				DEBUG_INFORMATION_FORMAT = dwarf;
				ENABLE_STRICT_OBJC_MSGSEND = YES;
				ENABLE_TESTABILITY = YES;
				GCC_C_LANGUAGE_STANDARD = gnu11;
				GCC_DYNAMIC_NO_PIC = NO;
				GCC_NO_COMMON_BLOCKS = YES;
				GCC_OPTIMIZATION_LEVEL = 0;
				GCC_PREPROCESSOR_DEFINITIONS = (
					"DEBUG=1",
					"$(inherited)",
				);
				GCC_WARN_64_TO_32_BIT_CONVERSION = YES;
				GCC_WARN_ABOUT_RETURN_TYPE = YES_ERROR;
				GCC_WARN_UNDECLARED_SELECTOR = YES;
				GCC_WARN_UNINITIALIZED_AUTOS = YES_AGGRESSIVE;
				GCC_WARN_UNUSED_FUNCTION = YES;
				GCC_WARN_UNUSED_VARIABLE = YES;
				MTL_ENABLE_DEBUG_INFO = INCLUDE_SOURCE;
				MTL_FAST_MATH = YES;
				ONLY_ACTIVE_ARCH = YES;
				SWIFT_ACTIVE_COMPILATION_CONDITIONS = DEBUG;
				SWIFT_OPTIMIZATION_LEVEL = "-Onone";
			};
			name = Debug;
		};
		43E66F082AE1D0EA001DF451 /* Release */ = {
			isa = XCBuildConfiguration;
			buildSettings = {
				ALWAYS_SEARCH_USER_PATHS = NO;
				CLANG_ANALYZER_NONNULL = YES;
				CLANG_ANALYZER_NUMBER_OBJECT_CONVERSION = YES_AGGRESSIVE;
				CLANG_CXX_LANGUAGE_STANDARD = "gnu++20";
				CLANG_ENABLE_MODULES = YES;
				CLANG_ENABLE_OBJC_ARC = YES;
				CLANG_ENABLE_OBJC_WEAK = YES;
				CLANG_WARN_BLOCK_CAPTURE_AUTORELEASING = YES;
				CLANG_WARN_BOOL_CONVERSION = YES;
				CLANG_WARN_COMMA = YES;
				CLANG_WARN_CONSTANT_CONVERSION = YES;
				CLANG_WARN_DEPRECATED_OBJC_IMPLEMENTATIONS = YES;
				CLANG_WARN_DIRECT_OBJC_ISA_USAGE = YES_ERROR;
				CLANG_WARN_DOCUMENTATION_COMMENTS = YES;
				CLANG_WARN_EMPTY_BODY = YES;
				CLANG_WARN_ENUM_CONVERSION = YES;
				CLANG_WARN_INFINITE_RECURSION = YES;
				CLANG_WARN_INT_CONVERSION = YES;
				CLANG_WARN_NON_LITERAL_NULL_CONVERSION = YES;
				CLANG_WARN_OBJC_IMPLICIT_RETAIN_SELF = YES;
				CLANG_WARN_OBJC_LITERAL_CONVERSION = YES;
				CLANG_WARN_OBJC_ROOT_CLASS = YES_ERROR;
				CLANG_WARN_QUOTED_INCLUDE_IN_FRAMEWORK_HEADER = YES;
				CLANG_WARN_RANGE_LOOP_ANALYSIS = YES;
				CLANG_WARN_STRICT_PROTOTYPES = YES;
				CLANG_WARN_SUSPICIOUS_MOVE = YES;
				CLANG_WARN_UNGUARDED_AVAILABILITY = YES_AGGRESSIVE;
				CLANG_WARN_UNREACHABLE_CODE = YES;
				CLANG_WARN__DUPLICATE_METHOD_MATCH = YES;
				COPY_PHASE_STRIP = NO;
				DEBUG_INFORMATION_FORMAT = "dwarf-with-dsym";
				ENABLE_NS_ASSERTIONS = NO;
				ENABLE_STRICT_OBJC_MSGSEND = YES;
				GCC_C_LANGUAGE_STANDARD = gnu11;
				GCC_NO_COMMON_BLOCKS = YES;
				GCC_WARN_64_TO_32_BIT_CONVERSION = YES;
				GCC_WARN_ABOUT_RETURN_TYPE = YES_ERROR;
				GCC_WARN_UNDECLARED_SELECTOR = YES;
				GCC_WARN_UNINITIALIZED_AUTOS = YES_AGGRESSIVE;
				GCC_WARN_UNUSED_FUNCTION = YES;
				GCC_WARN_UNUSED_VARIABLE = YES;
				MTL_ENABLE_DEBUG_INFO = NO;
				MTL_FAST_MATH = YES;
				SWIFT_COMPILATION_MODE = wholemodule;
				SWIFT_OPTIMIZATION_LEVEL = "-O";
			};
			name = Release;
		};
		43E66F0A2AE1D0EA001DF451 /* Debug */ = {
			isa = XCBuildConfiguration;
			buildSettings = {
				ASSETCATALOG_COMPILER_APPICON_NAME = AppIcon;
				ASSETCATALOG_COMPILER_GLOBAL_ACCENT_COLOR_NAME = AccentColor;
				CODE_SIGN_ENTITLEMENTS = ScheduleApp/ScheduleApp.entitlements;
				CODE_SIGN_STYLE = Automatic;
				CURRENT_PROJECT_VERSION = 1;
				DEVELOPMENT_ASSET_PATHS = "\"ScheduleApp/Preview Content\"";
				ENABLE_PREVIEWS = YES;
				GENERATE_INFOPLIST_FILE = YES;
				"INFOPLIST_KEY_UIApplicationSceneManifest_Generation[sdk=iphoneos*]" = YES;
				"INFOPLIST_KEY_UIApplicationSceneManifest_Generation[sdk=iphonesimulator*]" = YES;
				"INFOPLIST_KEY_UIApplicationSupportsIndirectInputEvents[sdk=iphoneos*]" = YES;
				"INFOPLIST_KEY_UIApplicationSupportsIndirectInputEvents[sdk=iphonesimulator*]" = YES;
				"INFOPLIST_KEY_UILaunchScreen_Generation[sdk=iphoneos*]" = YES;
				"INFOPLIST_KEY_UILaunchScreen_Generation[sdk=iphonesimulator*]" = YES;
				"INFOPLIST_KEY_UIStatusBarStyle[sdk=iphoneos*]" = UIStatusBarStyleDefault;
				"INFOPLIST_KEY_UIStatusBarStyle[sdk=iphonesimulator*]" = UIStatusBarStyleDefault;
				INFOPLIST_KEY_UISupportedInterfaceOrientations_iPad = "UIInterfaceOrientationPortrait UIInterfaceOrientationPortraitUpsideDown UIInterfaceOrientationLandscapeLeft UIInterfaceOrientationLandscapeRight";
				INFOPLIST_KEY_UISupportedInterfaceOrientations_iPhone = "UIInterfaceOrientationPortrait UIInterfaceOrientationLandscapeLeft UIInterfaceOrientationLandscapeRight";
				IPHONEOS_DEPLOYMENT_TARGET = 16.4;
				LD_RUNPATH_SEARCH_PATHS = "@executable_path/Frameworks";
				"LD_RUNPATH_SEARCH_PATHS[sdk=macosx*]" = "@executable_path/../Frameworks";
				MACOSX_DEPLOYMENT_TARGET = 13.3;
				MARKETING_VERSION = 1.0;
				PRODUCT_BUNDLE_IDENTIFIER = CSUF.ScheduleApp;
				PRODUCT_NAME = "$(TARGET_NAME)";
				SDKROOT = auto;
				SUPPORTED_PLATFORMS = "iphoneos iphonesimulator macosx";
				SWIFT_EMIT_LOC_STRINGS = YES;
				SWIFT_VERSION = 5.0;
				TARGETED_DEVICE_FAMILY = "1,2";
			};
			name = Debug;
		};
		43E66F0B2AE1D0EA001DF451 /* Release */ = {
			isa = XCBuildConfiguration;
			buildSettings = {
				ASSETCATALOG_COMPILER_APPICON_NAME = AppIcon;
				ASSETCATALOG_COMPILER_GLOBAL_ACCENT_COLOR_NAME = AccentColor;
				CODE_SIGN_ENTITLEMENTS = ScheduleApp/ScheduleApp.entitlements;
				CODE_SIGN_STYLE = Automatic;
				CURRENT_PROJECT_VERSION = 1;
				DEVELOPMENT_ASSET_PATHS = "\"ScheduleApp/Preview Content\"";
				ENABLE_PREVIEWS = YES;
				GENERATE_INFOPLIST_FILE = YES;
				"INFOPLIST_KEY_UIApplicationSceneManifest_Generation[sdk=iphoneos*]" = YES;
				"INFOPLIST_KEY_UIApplicationSceneManifest_Generation[sdk=iphonesimulator*]" = YES;
				"INFOPLIST_KEY_UIApplicationSupportsIndirectInputEvents[sdk=iphoneos*]" = YES;
				"INFOPLIST_KEY_UIApplicationSupportsIndirectInputEvents[sdk=iphonesimulator*]" = YES;
				"INFOPLIST_KEY_UILaunchScreen_Generation[sdk=iphoneos*]" = YES;
				"INFOPLIST_KEY_UILaunchScreen_Generation[sdk=iphonesimulator*]" = YES;
				"INFOPLIST_KEY_UIStatusBarStyle[sdk=iphoneos*]" = UIStatusBarStyleDefault;
				"INFOPLIST_KEY_UIStatusBarStyle[sdk=iphonesimulator*]" = UIStatusBarStyleDefault;
				INFOPLIST_KEY_UISupportedInterfaceOrientations_iPad = "UIInterfaceOrientationPortrait UIInterfaceOrientationPortraitUpsideDown UIInterfaceOrientationLandscapeLeft UIInterfaceOrientationLandscapeRight";
				INFOPLIST_KEY_UISupportedInterfaceOrientations_iPhone = "UIInterfaceOrientationPortrait UIInterfaceOrientationLandscapeLeft UIInterfaceOrientationLandscapeRight";
				IPHONEOS_DEPLOYMENT_TARGET = 16.4;
				LD_RUNPATH_SEARCH_PATHS = "@executable_path/Frameworks";
				"LD_RUNPATH_SEARCH_PATHS[sdk=macosx*]" = "@executable_path/../Frameworks";
				MACOSX_DEPLOYMENT_TARGET = 13.3;
				MARKETING_VERSION = 1.0;
				PRODUCT_BUNDLE_IDENTIFIER = CSUF.ScheduleApp;
				PRODUCT_NAME = "$(TARGET_NAME)";
				SDKROOT = auto;
				SUPPORTED_PLATFORMS = "iphoneos iphonesimulator macosx";
				SWIFT_EMIT_LOC_STRINGS = YES;
				SWIFT_VERSION = 5.0;
				TARGETED_DEVICE_FAMILY = "1,2";
			};
			name = Release;
		};
		43E66F0D2AE1D0EA001DF451 /* Debug */ = {
			isa = XCBuildConfiguration;
			buildSettings = {
				ALWAYS_EMBED_SWIFT_STANDARD_LIBRARIES = YES;
				BUNDLE_LOADER = "$(TEST_HOST)";
				CODE_SIGN_STYLE = Automatic;
				CURRENT_PROJECT_VERSION = 1;
				GENERATE_INFOPLIST_FILE = YES;
				IPHONEOS_DEPLOYMENT_TARGET = 16.4;
				MACOSX_DEPLOYMENT_TARGET = 13.3;
				MARKETING_VERSION = 1.0;
				PRODUCT_BUNDLE_IDENTIFIER = CSUF.ScheduleAppTests;
				PRODUCT_NAME = "$(TARGET_NAME)";
				SDKROOT = auto;
				SUPPORTED_PLATFORMS = "iphoneos iphonesimulator macosx";
				SWIFT_EMIT_LOC_STRINGS = NO;
				SWIFT_VERSION = 5.0;
				TARGETED_DEVICE_FAMILY = "1,2";
				TEST_HOST = "$(BUILT_PRODUCTS_DIR)/ScheduleApp.app/$(BUNDLE_EXECUTABLE_FOLDER_PATH)/ScheduleApp";
			};
			name = Debug;
		};
		43E66F0E2AE1D0EA001DF451 /* Release */ = {
			isa = XCBuildConfiguration;
			buildSettings = {
				ALWAYS_EMBED_SWIFT_STANDARD_LIBRARIES = YES;
				BUNDLE_LOADER = "$(TEST_HOST)";
				CODE_SIGN_STYLE = Automatic;
				CURRENT_PROJECT_VERSION = 1;
				GENERATE_INFOPLIST_FILE = YES;
				IPHONEOS_DEPLOYMENT_TARGET = 16.4;
				MACOSX_DEPLOYMENT_TARGET = 13.3;
				MARKETING_VERSION = 1.0;
				PRODUCT_BUNDLE_IDENTIFIER = CSUF.ScheduleAppTests;
				PRODUCT_NAME = "$(TARGET_NAME)";
				SDKROOT = auto;
				SUPPORTED_PLATFORMS = "iphoneos iphonesimulator macosx";
				SWIFT_EMIT_LOC_STRINGS = NO;
				SWIFT_VERSION = 5.0;
				TARGETED_DEVICE_FAMILY = "1,2";
				TEST_HOST = "$(BUILT_PRODUCTS_DIR)/ScheduleApp.app/$(BUNDLE_EXECUTABLE_FOLDER_PATH)/ScheduleApp";
			};
			name = Release;
		};
		43E66F102AE1D0EA001DF451 /* Debug */ = {
			isa = XCBuildConfiguration;
			buildSettings = {
				ALWAYS_EMBED_SWIFT_STANDARD_LIBRARIES = YES;
				CODE_SIGN_STYLE = Automatic;
				CURRENT_PROJECT_VERSION = 1;
				GENERATE_INFOPLIST_FILE = YES;
				IPHONEOS_DEPLOYMENT_TARGET = 16.4;
				MACOSX_DEPLOYMENT_TARGET = 13.3;
				MARKETING_VERSION = 1.0;
				PRODUCT_BUNDLE_IDENTIFIER = CSUF.ScheduleAppUITests;
				PRODUCT_NAME = "$(TARGET_NAME)";
				SDKROOT = auto;
				SUPPORTED_PLATFORMS = "iphoneos iphonesimulator macosx";
				SWIFT_EMIT_LOC_STRINGS = NO;
				SWIFT_VERSION = 5.0;
				TARGETED_DEVICE_FAMILY = "1,2";
				TEST_TARGET_NAME = ScheduleApp;
			};
			name = Debug;
		};
		43E66F112AE1D0EA001DF451 /* Release */ = {
			isa = XCBuildConfiguration;
			buildSettings = {
				ALWAYS_EMBED_SWIFT_STANDARD_LIBRARIES = YES;
				CODE_SIGN_STYLE = Automatic;
				CURRENT_PROJECT_VERSION = 1;
				GENERATE_INFOPLIST_FILE = YES;
				IPHONEOS_DEPLOYMENT_TARGET = 16.4;
				MACOSX_DEPLOYMENT_TARGET = 13.3;
				MARKETING_VERSION = 1.0;
				PRODUCT_BUNDLE_IDENTIFIER = CSUF.ScheduleAppUITests;
				PRODUCT_NAME = "$(TARGET_NAME)";
				SDKROOT = auto;
				SUPPORTED_PLATFORMS = "iphoneos iphonesimulator macosx";
				SWIFT_EMIT_LOC_STRINGS = NO;
				SWIFT_VERSION = 5.0;
				TARGETED_DEVICE_FAMILY = "1,2";
				TEST_TARGET_NAME = ScheduleApp;
			};
			name = Release;
		};
/* End XCBuildConfiguration section */

/* Begin XCConfigurationList section */
		43E66EDF2AE1D0E8001DF451 /* Build configuration list for PBXProject "ScheduleApp" */ = {
			isa = XCConfigurationList;
			buildConfigurations = (
				43E66F072AE1D0EA001DF451 /* Debug */,
				43E66F082AE1D0EA001DF451 /* Release */,
			);
			defaultConfigurationIsVisible = 0;
			defaultConfigurationName = Release;
		};
		43E66F092AE1D0EA001DF451 /* Build configuration list for PBXNativeTarget "ScheduleApp" */ = {
			isa = XCConfigurationList;
			buildConfigurations = (
				43E66F0A2AE1D0EA001DF451 /* Debug */,
				43E66F0B2AE1D0EA001DF451 /* Release */,
			);
			defaultConfigurationIsVisible = 0;
			defaultConfigurationName = Release;
		};
		43E66F0C2AE1D0EA001DF451 /* Build configuration list for PBXNativeTarget "ScheduleAppTests" */ = {
			isa = XCConfigurationList;
			buildConfigurations = (
				43E66F0D2AE1D0EA001DF451 /* Debug */,
				43E66F0E2AE1D0EA001DF451 /* Release */,
			);
			defaultConfigurationIsVisible = 0;
			defaultConfigurationName = Release;
		};
		43E66F0F2AE1D0EA001DF451 /* Build configuration list for PBXNativeTarget "ScheduleAppUITests" */ = {
			isa = XCConfigurationList;
			buildConfigurations = (
				43E66F102AE1D0EA001DF451 /* Debug */,
				43E66F112AE1D0EA001DF451 /* Release */,
			);
			defaultConfigurationIsVisible = 0;
			defaultConfigurationName = Release;
		};
/* End XCConfigurationList section */
	};
	rootObject = 43E66EDC2AE1D0E8001DF451 /* Project object */;
}
